// !$*UTF8*$!
{
	archiveVersion = 1;
	classes = {
	};
	objectVersion = 46;
	objects = {

/* Begin PBXBuildFile section */
		8C46B68F1BC1856900D1DAA0 /* AppDelegate.swift in Sources */ = {isa = PBXBuildFile; fileRef = 8C46B68E1BC1856900D1DAA0 /* AppDelegate.swift */; };
		8C46B6911BC1856900D1DAA0 /* ViewController.swift in Sources */ = {isa = PBXBuildFile; fileRef = 8C46B6901BC1856900D1DAA0 /* ViewController.swift */; };
		8C46B6941BC1856900D1DAA0 /* Main.storyboard in Resources */ = {isa = PBXBuildFile; fileRef = 8C46B6921BC1856900D1DAA0 /* Main.storyboard */; };
		8C46B6961BC1856900D1DAA0 /* Assets.xcassets in Resources */ = {isa = PBXBuildFile; fileRef = 8C46B6951BC1856900D1DAA0 /* Assets.xcassets */; };
		8C46B6991BC1856900D1DAA0 /* LaunchScreen.storyboard in Resources */ = {isa = PBXBuildFile; fileRef = 8C46B6971BC1856900D1DAA0 /* LaunchScreen.storyboard */; };
		8C46B6A41BC1856900D1DAA0 /* XYDropdownMenuDemoTests.swift in Sources */ = {isa = PBXBuildFile; fileRef = 8C46B6A31BC1856900D1DAA0 /* XYDropdownMenuDemoTests.swift */; };
		8C46B6AF1BC1856900D1DAA0 /* XYDropdownMenuDemoUITests.swift in Sources */ = {isa = PBXBuildFile; fileRef = 8C46B6AE1BC1856900D1DAA0 /* XYDropdownMenuDemoUITests.swift */; };
		8C46B6BD1BC1858800D1DAA0 /* XYDropdownMenu.swift in Sources */ = {isa = PBXBuildFile; fileRef = 8C46B6BC1BC1858800D1DAA0 /* XYDropdownMenu.swift */; settings = {ASSET_TAGS = (); }; };
		8C46B6BF1BC1886400D1DAA0 /* XYDropMenu.bundle in Resources */ = {isa = PBXBuildFile; fileRef = 8C46B6BE1BC1886400D1DAA0 /* XYDropMenu.bundle */; settings = {ASSET_TAGS = (); }; };
/* End PBXBuildFile section */

/* Begin PBXContainerItemProxy section */
		8C46B6A01BC1856900D1DAA0 /* PBXContainerItemProxy */ = {
			isa = PBXContainerItemProxy;
			containerPortal = 8C46B6831BC1856900D1DAA0 /* Project object */;
			proxyType = 1;
			remoteGlobalIDString = 8C46B68A1BC1856900D1DAA0;
			remoteInfo = XYDropdownMenuDemo;
		};
		8C46B6AB1BC1856900D1DAA0 /* PBXContainerItemProxy */ = {
			isa = PBXContainerItemProxy;
			containerPortal = 8C46B6831BC1856900D1DAA0 /* Project object */;
			proxyType = 1;
			remoteGlobalIDString = 8C46B68A1BC1856900D1DAA0;
			remoteInfo = XYDropdownMenuDemo;
		};
/* End PBXContainerItemProxy section */

/* Begin PBXFileReference section */
		8C46B68B1BC1856900D1DAA0 /* XYDropdownMenuDemo.app */ = {isa = PBXFileReference; explicitFileType = wrapper.application; includeInIndex = 0; path = XYDropdownMenuDemo.app; sourceTree = BUILT_PRODUCTS_DIR; };
		8C46B68E1BC1856900D1DAA0 /* AppDelegate.swift */ = {isa = PBXFileReference; lastKnownFileType = sourcecode.swift; path = AppDelegate.swift; sourceTree = "<group>"; };
		8C46B6901BC1856900D1DAA0 /* ViewController.swift */ = {isa = PBXFileReference; lastKnownFileType = sourcecode.swift; path = ViewController.swift; sourceTree = "<group>"; };
		8C46B6931BC1856900D1DAA0 /* Base */ = {isa = PBXFileReference; lastKnownFileType = file.storyboard; name = Base; path = Base.lproj/Main.storyboard; sourceTree = "<group>"; };
		8C46B6951BC1856900D1DAA0 /* Assets.xcassets */ = {isa = PBXFileReference; lastKnownFileType = folder.assetcatalog; path = Assets.xcassets; sourceTree = "<group>"; };
		8C46B6981BC1856900D1DAA0 /* Base */ = {isa = PBXFileReference; lastKnownFileType = file.storyboard; name = Base; path = Base.lproj/LaunchScreen.storyboard; sourceTree = "<group>"; };
		8C46B69A1BC1856900D1DAA0 /* Info.plist */ = {isa = PBXFileReference; lastKnownFileType = text.plist.xml; path = Info.plist; sourceTree = "<group>"; };
		8C46B69F1BC1856900D1DAA0 /* XYDropdownMenuDemoTests.xctest */ = {isa = PBXFileReference; explicitFileType = wrapper.cfbundle; includeInIndex = 0; path = XYDropdownMenuDemoTests.xctest; sourceTree = BUILT_PRODUCTS_DIR; };
		8C46B6A31BC1856900D1DAA0 /* XYDropdownMenuDemoTests.swift */ = {isa = PBXFileReference; lastKnownFileType = sourcecode.swift; path = XYDropdownMenuDemoTests.swift; sourceTree = "<group>"; };
		8C46B6A51BC1856900D1DAA0 /* Info.plist */ = {isa = PBXFileReference; lastKnownFileType = text.plist.xml; path = Info.plist; sourceTree = "<group>"; };
		8C46B6AA1BC1856900D1DAA0 /* XYDropdownMenuDemoUITests.xctest */ = {isa = PBXFileReference; explicitFileType = wrapper.cfbundle; includeInIndex = 0; path = XYDropdownMenuDemoUITests.xctest; sourceTree = BUILT_PRODUCTS_DIR; };
		8C46B6AE1BC1856900D1DAA0 /* XYDropdownMenuDemoUITests.swift */ = {isa = PBXFileReference; lastKnownFileType = sourcecode.swift; path = XYDropdownMenuDemoUITests.swift; sourceTree = "<group>"; };
		8C46B6B01BC1856900D1DAA0 /* Info.plist */ = {isa = PBXFileReference; lastKnownFileType = text.plist.xml; path = Info.plist; sourceTree = "<group>"; };
		8C46B6BC1BC1858800D1DAA0 /* XYDropdownMenu.swift */ = {isa = PBXFileReference; fileEncoding = 4; lastKnownFileType = sourcecode.swift; name = XYDropdownMenu.swift; path = ../XYDropdownMenu.swift; sourceTree = "<group>"; };
		8C46B6BE1BC1886400D1DAA0 /* XYDropMenu.bundle */ = {isa = PBXFileReference; lastKnownFileType = "wrapper.plug-in"; name = XYDropMenu.bundle; path = ../XYDropMenu.bundle; sourceTree = "<group>"; };
/* End PBXFileReference section */

/* Begin PBXFrameworksBuildPhase section */
		8C46B6881BC1856900D1DAA0 /* Frameworks */ = {
			isa = PBXFrameworksBuildPhase;
			buildActionMask = 2147483647;
			files = (
			);
			runOnlyForDeploymentPostprocessing = 0;
		};
		8C46B69C1BC1856900D1DAA0 /* Frameworks */ = {
			isa = PBXFrameworksBuildPhase;
			buildActionMask = 2147483647;
			files = (
			);
			runOnlyForDeploymentPostprocessing = 0;
		};
		8C46B6A71BC1856900D1DAA0 /* Frameworks */ = {
			isa = PBXFrameworksBuildPhase;
			buildActionMask = 2147483647;
			files = (
			);
			runOnlyForDeploymentPostprocessing = 0;
		};
/* End PBXFrameworksBuildPhase section */

/* Begin PBXGroup section */
		8C46B6821BC1856900D1DAA0 = {
			isa = PBXGroup;
			children = (
				8C46B68D1BC1856900D1DAA0 /* XYDropdownMenuDemo */,
				8C46B6A21BC1856900D1DAA0 /* XYDropdownMenuDemoTests */,
				8C46B6AD1BC1856900D1DAA0 /* XYDropdownMenuDemoUITests */,
				8C46B68C1BC1856900D1DAA0 /* Products */,
			);
			sourceTree = "<group>";
		};
		8C46B68C1BC1856900D1DAA0 /* Products */ = {
			isa = PBXGroup;
			children = (
				8C46B68B1BC1856900D1DAA0 /* XYDropdownMenuDemo.app */,
				8C46B69F1BC1856900D1DAA0 /* XYDropdownMenuDemoTests.xctest */,
				8C46B6AA1BC1856900D1DAA0 /* XYDropdownMenuDemoUITests.xctest */,
			);
			name = Products;
			sourceTree = "<group>";
		};
		8C46B68D1BC1856900D1DAA0 /* XYDropdownMenuDemo */ = {
			isa = PBXGroup;
			children = (
				8C46B6C01BC1906C00D1DAA0 /* XYDropMenu */,
				8C46B68E1BC1856900D1DAA0 /* AppDelegate.swift */,
				8C46B6901BC1856900D1DAA0 /* ViewController.swift */,
				8C46B6921BC1856900D1DAA0 /* Main.storyboard */,
				8C46B6951BC1856900D1DAA0 /* Assets.xcassets */,
				8C46B6971BC1856900D1DAA0 /* LaunchScreen.storyboard */,
				8C46B69A1BC1856900D1DAA0 /* Info.plist */,
			);
			path = XYDropdownMenuDemo;
			sourceTree = "<group>";
		};
		8C46B6A21BC1856900D1DAA0 /* XYDropdownMenuDemoTests */ = {
			isa = PBXGroup;
			children = (
				8C46B6A31BC1856900D1DAA0 /* XYDropdownMenuDemoTests.swift */,
				8C46B6A51BC1856900D1DAA0 /* Info.plist */,
			);
			path = XYDropdownMenuDemoTests;
			sourceTree = "<group>";
		};
		8C46B6AD1BC1856900D1DAA0 /* XYDropdownMenuDemoUITests */ = {
			isa = PBXGroup;
			children = (
				8C46B6AE1BC1856900D1DAA0 /* XYDropdownMenuDemoUITests.swift */,
				8C46B6B01BC1856900D1DAA0 /* Info.plist */,
			);
			path = XYDropdownMenuDemoUITests;
			sourceTree = "<group>";
		};
		8C46B6C01BC1906C00D1DAA0 /* XYDropMenu */ = {
			isa = PBXGroup;
			children = (
				8C46B6BE1BC1886400D1DAA0 /* XYDropMenu.bundle */,
				8C46B6BC1BC1858800D1DAA0 /* XYDropdownMenu.swift */,
			);
			name = XYDropMenu;
			sourceTree = "<group>";
		};
/* End PBXGroup section */

/* Begin PBXNativeTarget section */
		8C46B68A1BC1856900D1DAA0 /* XYDropdownMenuDemo */ = {
			isa = PBXNativeTarget;
			buildConfigurationList = 8C46B6B31BC1856900D1DAA0 /* Build configuration list for PBXNativeTarget "XYDropdownMenuDemo" */;
			buildPhases = (
				8C46B6871BC1856900D1DAA0 /* Sources */,
				8C46B6881BC1856900D1DAA0 /* Frameworks */,
				8C46B6891BC1856900D1DAA0 /* Resources */,
			);
			buildRules = (
			);
			dependencies = (
			);
			name = XYDropdownMenuDemo;
			productName = XYDropdownMenuDemo;
			productReference = 8C46B68B1BC1856900D1DAA0 /* XYDropdownMenuDemo.app */;
			productType = "com.apple.product-type.application";
		};
		8C46B69E1BC1856900D1DAA0 /* XYDropdownMenuDemoTests */ = {
			isa = PBXNativeTarget;
			buildConfigurationList = 8C46B6B61BC1856900D1DAA0 /* Build configuration list for PBXNativeTarget "XYDropdownMenuDemoTests" */;
			buildPhases = (
				8C46B69B1BC1856900D1DAA0 /* Sources */,
				8C46B69C1BC1856900D1DAA0 /* Frameworks */,
				8C46B69D1BC1856900D1DAA0 /* Resources */,
			);
			buildRules = (
			);
			dependencies = (
				8C46B6A11BC1856900D1DAA0 /* PBXTargetDependency */,
			);
			name = XYDropdownMenuDemoTests;
			productName = XYDropdownMenuDemoTests;
			productReference = 8C46B69F1BC1856900D1DAA0 /* XYDropdownMenuDemoTests.xctest */;
			productType = "com.apple.product-type.bundle.unit-test";
		};
		8C46B6A91BC1856900D1DAA0 /* XYDropdownMenuDemoUITests */ = {
			isa = PBXNativeTarget;
			buildConfigurationList = 8C46B6B91BC1856900D1DAA0 /* Build configuration list for PBXNativeTarget "XYDropdownMenuDemoUITests" */;
			buildPhases = (
				8C46B6A61BC1856900D1DAA0 /* Sources */,
				8C46B6A71BC1856900D1DAA0 /* Frameworks */,
				8C46B6A81BC1856900D1DAA0 /* Resources */,
			);
			buildRules = (
			);
			dependencies = (
				8C46B6AC1BC1856900D1DAA0 /* PBXTargetDependency */,
			);
			name = XYDropdownMenuDemoUITests;
			productName = XYDropdownMenuDemoUITests;
			productReference = 8C46B6AA1BC1856900D1DAA0 /* XYDropdownMenuDemoUITests.xctest */;
			productType = "com.apple.product-type.bundle.ui-testing";
		};
/* End PBXNativeTarget section */

/* Begin PBXProject section */
		8C46B6831BC1856900D1DAA0 /* Project object */ = {
			isa = PBXProject;
			attributes = {
				LastUpgradeCheck = 0700;
				ORGANIZATIONNAME = "潘新宇";
				TargetAttributes = {
					8C46B68A1BC1856900D1DAA0 = {
						CreatedOnToolsVersion = 7.0.1;
						DevelopmentTeam = XKE2B6H7CT;
					};
					8C46B69E1BC1856900D1DAA0 = {
						CreatedOnToolsVersion = 7.0.1;
						DevelopmentTeam = XKE2B6H7CT;
						TestTargetID = 8C46B68A1BC1856900D1DAA0;
					};
					8C46B6A91BC1856900D1DAA0 = {
						CreatedOnToolsVersion = 7.0.1;
						DevelopmentTeam = XKE2B6H7CT;
						TestTargetID = 8C46B68A1BC1856900D1DAA0;
					};
				};
			};
			buildConfigurationList = 8C46B6861BC1856900D1DAA0 /* Build configuration list for PBXProject "XYDropdownMenuDemo" */;
			compatibilityVersion = "Xcode 3.2";
			developmentRegion = English;
			hasScannedForEncodings = 0;
			knownRegions = (
				en,
				Base,
			);
			mainGroup = 8C46B6821BC1856900D1DAA0;
			productRefGroup = 8C46B68C1BC1856900D1DAA0 /* Products */;
			projectDirPath = "";
			projectRoot = "";
			targets = (
				8C46B68A1BC1856900D1DAA0 /* XYDropdownMenuDemo */,
				8C46B69E1BC1856900D1DAA0 /* XYDropdownMenuDemoTests */,
				8C46B6A91BC1856900D1DAA0 /* XYDropdownMenuDemoUITests */,
			);
		};
/* End PBXProject section */

/* Begin PBXResourcesBuildPhase section */
		8C46B6891BC1856900D1DAA0 /* Resources */ = {
			isa = PBXResourcesBuildPhase;
			buildActionMask = 2147483647;
			files = (
				8C46B6BF1BC1886400D1DAA0 /* XYDropMenu.bundle in Resources */,
				8C46B6991BC1856900D1DAA0 /* LaunchScreen.storyboard in Resources */,
				8C46B6961BC1856900D1DAA0 /* Assets.xcassets in Resources */,
				8C46B6941BC1856900D1DAA0 /* Main.storyboard in Resources */,
			);
			runOnlyForDeploymentPostprocessing = 0;
		};
		8C46B69D1BC1856900D1DAA0 /* Resources */ = {
			isa = PBXResourcesBuildPhase;
			buildActionMask = 2147483647;
			files = (
			);
			runOnlyForDeploymentPostprocessing = 0;
		};
		8C46B6A81BC1856900D1DAA0 /* Resources */ = {
			isa = PBXResourcesBuildPhase;
			buildActionMask = 2147483647;
			files = (
			);
			runOnlyForDeploymentPostprocessing = 0;
		};
/* End PBXResourcesBuildPhase section */

/* Begin PBXSourcesBuildPhase section */
		8C46B6871BC1856900D1DAA0 /* Sources */ = {
			isa = PBXSourcesBuildPhase;
			buildActionMask = 2147483647;
			files = (
				8C46B6911BC1856900D1DAA0 /* ViewController.swift in Sources */,
				8C46B68F1BC1856900D1DAA0 /* AppDelegate.swift in Sources */,
				8C46B6BD1BC1858800D1DAA0 /* XYDropdownMenu.swift in Sources */,
			);
			runOnlyForDeploymentPostprocessing = 0;
		};
		8C46B69B1BC1856900D1DAA0 /* Sources */ = {
			isa = PBXSourcesBuildPhase;
			buildActionMask = 2147483647;
			files = (
				8C46B6A41BC1856900D1DAA0 /* XYDropdownMenuDemoTests.swift in Sources */,
			);
			runOnlyForDeploymentPostprocessing = 0;
		};
		8C46B6A61BC1856900D1DAA0 /* Sources */ = {
			isa = PBXSourcesBuildPhase;
			buildActionMask = 2147483647;
			files = (
				8C46B6AF1BC1856900D1DAA0 /* XYDropdownMenuDemoUITests.swift in Sources */,
			);
			runOnlyForDeploymentPostprocessing = 0;
		};
/* End PBXSourcesBuildPhase section */

/* Begin PBXTargetDependency section */
		8C46B6A11BC1856900D1DAA0 /* PBXTargetDependency */ = {
			isa = PBXTargetDependency;
			target = 8C46B68A1BC1856900D1DAA0 /* XYDropdownMenuDemo */;
			targetProxy = 8C46B6A01BC1856900D1DAA0 /* PBXContainerItemProxy */;
		};
		8C46B6AC1BC1856900D1DAA0 /* PBXTargetDependency */ = {
			isa = PBXTargetDependency;
			target = 8C46B68A1BC1856900D1DAA0 /* XYDropdownMenuDemo */;
			targetProxy = 8C46B6AB1BC1856900D1DAA0 /* PBXContainerItemProxy */;
		};
/* End PBXTargetDependency section */

/* Begin PBXVariantGroup section */
		8C46B6921BC1856900D1DAA0 /* Main.storyboard */ = {
			isa = PBXVariantGroup;
			children = (
				8C46B6931BC1856900D1DAA0 /* Base */,
			);
			name = Main.storyboard;
			sourceTree = "<group>";
		};
		8C46B6971BC1856900D1DAA0 /* LaunchScreen.storyboard */ = {
			isa = PBXVariantGroup;
			children = (
				8C46B6981BC1856900D1DAA0 /* Base */,
			);
			name = LaunchScreen.storyboard;
			sourceTree = "<group>";
		};
/* End PBXVariantGroup section */

/* Begin XCBuildConfiguration section */
		8C46B6B11BC1856900D1DAA0 /* Debug */ = {
			isa = XCBuildConfiguration;
			buildSettings = {
				ALWAYS_SEARCH_USER_PATHS = NO;
				CLANG_CXX_LANGUAGE_STANDARD = "gnu++0x";
				CLANG_CXX_LIBRARY = "libc++";
				CLANG_ENABLE_MODULES = YES;
				CLANG_ENABLE_OBJC_ARC = YES;
				CLANG_WARN_BOOL_CONVERSION = YES;
				CLANG_WARN_CONSTANT_CONVERSION = YES;
				CLANG_WARN_DIRECT_OBJC_ISA_USAGE = YES_ERROR;
				CLANG_WARN_EMPTY_BODY = YES;
				CLANG_WARN_ENUM_CONVERSION = YES;
				CLANG_WARN_INT_CONVERSION = YES;
				CLANG_WARN_OBJC_ROOT_CLASS = YES_ERROR;
				CLANG_WARN_UNREACHABLE_CODE = YES;
				CLANG_WARN__DUPLICATE_METHOD_MATCH = YES;
				"CODE_SIGN_IDENTITY[sdk=iphoneos*]" = "iPhone Developer";
				COPY_PHASE_STRIP = NO;
				DEBUG_INFORMATION_FORMAT = dwarf;
				ENABLE_STRICT_OBJC_MSGSEND = YES;
				ENABLE_TESTABILITY = YES;
				GCC_C_LANGUAGE_STANDARD = gnu99;
				GCC_DYNAMIC_NO_PIC = NO;
				GCC_NO_COMMON_BLOCKS = YES;
				GCC_OPTIMIZATION_LEVEL = 0;
				GCC_PREPROCESSOR_DEFINITIONS = (
					"DEBUG=1",
					"$(inherited)",
				);
				GCC_WARN_64_TO_32_BIT_CONVERSION = YES;
				GCC_WARN_ABOUT_RETURN_TYPE = YES_ERROR;
				GCC_WARN_UNDECLARED_SELECTOR = YES;
				GCC_WARN_UNINITIALIZED_AUTOS = YES_AGGRESSIVE;
				GCC_WARN_UNUSED_FUNCTION = YES;
				GCC_WARN_UNUSED_VARIABLE = YES;
				IPHONEOS_DEPLOYMENT_TARGET = 9.0;
				MTL_ENABLE_DEBUG_INFO = YES;
				ONLY_ACTIVE_ARCH = YES;
				SDKROOT = iphoneos;
				SWIFT_OPTIMIZATION_LEVEL = "-Onone";
			};
			name = Debug;
		};
		8C46B6B21BC1856900D1DAA0 /* Release */ = {
			isa = XCBuildConfiguration;
			buildSettings = {
				ALWAYS_SEARCH_USER_PATHS = NO;
				CLANG_CXX_LANGUAGE_STANDARD = "gnu++0x";
				CLANG_CXX_LIBRARY = "libc++";
				CLANG_ENABLE_MODULES = YES;
				CLANG_ENABLE_OBJC_ARC = YES;
				CLANG_WARN_BOOL_CONVERSION = YES;
				CLANG_WARN_CONSTANT_CONVERSION = YES;
				CLANG_WARN_DIRECT_OBJC_ISA_USAGE = YES_ERROR;
				CLANG_WARN_EMPTY_BODY = YES;
				CLANG_WARN_ENUM_CONVERSION = YES;
				CLANG_WARN_INT_CONVERSION = YES;
				CLANG_WARN_OBJC_ROOT_CLASS = YES_ERROR;
				CLANG_WARN_UNREACHABLE_CODE = YES;
				CLANG_WARN__DUPLICATE_METHOD_MATCH = YES;
				"CODE_SIGN_IDENTITY[sdk=iphoneos*]" = "iPhone Developer";
				COPY_PHASE_STRIP = NO;
				DEBUG_INFORMATION_FORMAT = "dwarf-with-dsym";
				ENABLE_NS_ASSERTIONS = NO;
				ENABLE_STRICT_OBJC_MSGSEND = YES;
				GCC_C_LANGUAGE_STANDARD = gnu99;
				GCC_NO_COMMON_BLOCKS = YES;
				GCC_WARN_64_TO_32_BIT_CONVERSION = YES;
				GCC_WARN_ABOUT_RETURN_TYPE = YES_ERROR;
				GCC_WARN_UNDECLARED_SELECTOR = YES;
				GCC_WARN_UNINITIALIZED_AUTOS = YES_AGGRESSIVE;
				GCC_WARN_UNUSED_FUNCTION = YES;
				GCC_WARN_UNUSED_VARIABLE = YES;
				IPHONEOS_DEPLOYMENT_TARGET = 9.0;
				MTL_ENABLE_DEBUG_INFO = NO;
				SDKROOT = iphoneos;
				VALIDATE_PRODUCT = YES;
			};
			name = Release;
		};
		8C46B6B41BC1856900D1DAA0 /* Debug */ = {
			isa = XCBuildConfiguration;
			buildSettings = {
				ASSETCATALOG_COMPILER_APPICON_NAME = AppIcon;
				INFOPLIST_FILE = XYDropdownMenuDemo/Info.plist;
				LD_RUNPATH_SEARCH_PATHS = "$(inherited) @executable_path/Frameworks";
				PRODUCT_BUNDLE_IDENTIFIER = com.xinnyu.XYDropdownMenuDemo;
				PRODUCT_NAME = "$(TARGET_NAME)";
			};
			name = Debug;
		};
		8C46B6B51BC1856900D1DAA0 /* Release */ = {
			isa = XCBuildConfiguration;
			buildSettings = {
				ASSETCATALOG_COMPILER_APPICON_NAME = AppIcon;
				INFOPLIST_FILE = XYDropdownMenuDemo/Info.plist;
				LD_RUNPATH_SEARCH_PATHS = "$(inherited) @executable_path/Frameworks";
				PRODUCT_BUNDLE_IDENTIFIER = com.xinnyu.XYDropdownMenuDemo;
				PRODUCT_NAME = "$(TARGET_NAME)";
			};
			name = Release;
		};
		8C46B6B71BC1856900D1DAA0 /* Debug */ = {
			isa = XCBuildConfiguration;
			buildSettings = {
				BUNDLE_LOADER = "$(TEST_HOST)";
				INFOPLIST_FILE = XYDropdownMenuDemoTests/Info.plist;
				LD_RUNPATH_SEARCH_PATHS = "$(inherited) @executable_path/Frameworks @loader_path/Frameworks";
				PRODUCT_BUNDLE_IDENTIFIER = com.xinnyu.XYDropdownMenuDemoTests;
				PRODUCT_NAME = "$(TARGET_NAME)";
				TEST_HOST = "$(BUILT_PRODUCTS_DIR)/XYDropdownMenuDemo.app/XYDropdownMenuDemo";
			};
			name = Debug;
		};
		8C46B6B81BC1856900D1DAA0 /* Release */ = {
			isa = XCBuildConfiguration;
			buildSettings = {
				BUNDLE_LOADER = "$(TEST_HOST)";
				INFOPLIST_FILE = XYDropdownMenuDemoTests/Info.plist;
				LD_RUNPATH_SEARCH_PATHS = "$(inherited) @executable_path/Frameworks @loader_path/Frameworks";
				PRODUCT_BUNDLE_IDENTIFIER = com.xinnyu.XYDropdownMenuDemoTests;
				PRODUCT_NAME = "$(TARGET_NAME)";
				TEST_HOST = "$(BUILT_PRODUCTS_DIR)/XYDropdownMenuDemo.app/XYDropdownMenuDemo";
			};
			name = Release;
		};
		8C46B6BA1BC1856900D1DAA0 /* Debug */ = {
			isa = XCBuildConfiguration;
			buildSettings = {
				INFOPLIST_FILE = XYDropdownMenuDemoUITests/Info.plist;
				LD_RUNPATH_SEARCH_PATHS = "$(inherited) @executable_path/Frameworks @loader_path/Frameworks";
				PRODUCT_BUNDLE_IDENTIFIER = com.xinnyu.XYDropdownMenuDemoUITests;
				PRODUCT_NAME = "$(TARGET_NAME)";
				TEST_TARGET_NAME = XYDropdownMenuDemo;
				USES_XCTRUNNER = YES;
			};
			name = Debug;
		};
		8C46B6BB1BC1856900D1DAA0 /* Release */ = {
			isa = XCBuildConfiguration;
			buildSettings = {
				INFOPLIST_FILE = XYDropdownMenuDemoUITests/Info.plist;
				LD_RUNPATH_SEARCH_PATHS = "$(inherited) @executable_path/Frameworks @loader_path/Frameworks";
				PRODUCT_BUNDLE_IDENTIFIER = com.xinnyu.XYDropdownMenuDemoUITests;
				PRODUCT_NAME = "$(TARGET_NAME)";
				TEST_TARGET_NAME = XYDropdownMenuDemo;
				USES_XCTRUNNER = YES;
			};
			name = Release;
		};
/* End XCBuildConfiguration section */

/* Begin XCConfigurationList section */
		8C46B6861BC1856900D1DAA0 /* Build configuration list for PBXProject "XYDropdownMenuDemo" */ = {
			isa = XCConfigurationList;
			buildConfigurations = (
				8C46B6B11BC1856900D1DAA0 /* Debug */,
				8C46B6B21BC1856900D1DAA0 /* Release */,
			);
			defaultConfigurationIsVisible = 0;
			defaultConfigurationName = Release;
		};
		8C46B6B31BC1856900D1DAA0 /* Build configuration list for PBXNativeTarget "XYDropdownMenuDemo" */ = {
			isa = XCConfigurationList;
			buildConfigurations = (
				8C46B6B41BC1856900D1DAA0 /* Debug */,
				8C46B6B51BC1856900D1DAA0 /* Release */,
			);
			defaultConfigurationIsVisible = 0;
			defaultConfigurationName = Release;
		};
		8C46B6B61BC1856900D1DAA0 /* Build configuration list for PBXNativeTarget "XYDropdownMenuDemoTests" */ = {
			isa = XCConfigurationList;
			buildConfigurations = (
				8C46B6B71BC1856900D1DAA0 /* Debug */,
				8C46B6B81BC1856900D1DAA0 /* Release */,
			);
			defaultConfigurationIsVisible = 0;
			defaultConfigurationName = Release;
		};
		8C46B6B91BC1856900D1DAA0 /* Build configuration list for PBXNativeTarget "XYDropdownMenuDemoUITests" */ = {
			isa = XCConfigurationList;
			buildConfigurations = (
				8C46B6BA1BC1856900D1DAA0 /* Debug */,
				8C46B6BB1BC1856900D1DAA0 /* Release */,
			);
			defaultConfigurationIsVisible = 0;
			defaultConfigurationName = Release;
		};
/* End XCConfigurationList section */
	};
	rootObject = 8C46B6831BC1856900D1DAA0 /* Project object */;
}
